
Microsoft Visual Studio Solution File, Format Version 12.00
# Visual Studio Version 16
VisualStudioVersion = 16.0.28803.352
MinimumVisualStudioVersion = 10.0.40219.1
Project("{2150E333-8FDC-42A3-9474-1A3956D46DE8}") = "src", "src", "{93241E08-D16C-4DA4-8FE1-EB557F1C0456}"
EndProject
Project("{2150E333-8FDC-42A3-9474-1A3956D46DE8}") = "docs", "docs", "{78E3B737-3545-4C8C-877F-2C2A1B1E433E}"
	ProjectSection(SolutionItems) = preProject
		docs\migrations.md = docs\migrations.md
	EndProjectSection
EndProject
Project("{2150E333-8FDC-42A3-9474-1A3956D46DE8}") = "tests", "tests", "{79658CA3-C775-4A25-92AB-213294FF895F}"
EndProject
Project("{2150E333-8FDC-42A3-9474-1A3956D46DE8}") = "Solution Items", "Solution Items", "{769F01C5-CD06-4D39-94A1-9842AAB78966}"
	ProjectSection(SolutionItems) = preProject
		.editorconfig = .editorconfig
		.gitignore = .gitignore
		.github\ISSUE_TEMPLATE\bug_report.md = .github\ISSUE_TEMPLATE\bug_report.md
		.github\workflows\build.yml = .github\workflows\build.yml
		.github\ISSUE_TEMPLATE\feature_request.md = .github\ISSUE_TEMPLATE\feature_request.md
		LICENSE = LICENSE
		.github\PULL_REQUEST_TEMPLATE.md = .github\PULL_REQUEST_TEMPLATE.md
		README.md = README.md
		.github\workflows\release.yml = .github\workflows\release.yml
		.github\weekly-digest.yml = .github\weekly-digest.yml
	EndProjectSection
EndProject
Project("{9A19103F-16F7-4668-BE54-9A1E7A4F7556}") = "SIO.Identity", "src\SIO.Identity\SIO.Identity.csproj", "{A362A39B-E7E0-45B0-BA93-5EF81CF536A8}"
EndProject
Project("{9A19103F-16F7-4668-BE54-9A1E7A4F7556}") = "SIO.Domain", "src\SIO.Domain\SIO.Domain.csproj", "{86E78C2E-256C-4DB1-9743-1EB1693B5046}"
EndProject
Project("{9A19103F-16F7-4668-BE54-9A1E7A4F7556}") = "SIO.Migrations", "src\SIO.Migrations\SIO.Migrations.csproj", "{511423FB-C919-4B86-8E05-0488142E05DB}"
EndProject
Project("{9A19103F-16F7-4668-BE54-9A1E7A4F7556}") = "SIO.Identity.Tests", "tests\SIO.Identity.Tests\SIO.Identity.Tests.csproj", "{1F08BC01-9F55-43FC-890A-0B67130E8A97}"
EndProject
Project("{9A19103F-16F7-4668-BE54-9A1E7A4F7556}") = "SIO.Infrastructure", "src\SIO.Infrastructure\SIO.Infrastructure.csproj", "{ABDB42A4-223B-4527-BBAD-602ECCBE88E3}"
EndProject
Global
	GlobalSection(SolutionConfigurationPlatforms) = preSolution
		Debug|Any CPU = Debug|Any CPU
		Release|Any CPU = Release|Any CPU
	EndGlobalSection
	GlobalSection(ProjectConfigurationPlatforms) = postSolution
		{A362A39B-E7E0-45B0-BA93-5EF81CF536A8}.Debug|Any CPU.ActiveCfg = Debug|Any CPU
		{A362A39B-E7E0-45B0-BA93-5EF81CF536A8}.Debug|Any CPU.Build.0 = Debug|Any CPU
		{A362A39B-E7E0-45B0-BA93-5EF81CF536A8}.Release|Any CPU.ActiveCfg = Release|Any CPU
		{A362A39B-E7E0-45B0-BA93-5EF81CF536A8}.Release|Any CPU.Build.0 = Release|Any CPU
		{86E78C2E-256C-4DB1-9743-1EB1693B5046}.Debug|Any CPU.ActiveCfg = Debug|Any CPU
		{86E78C2E-256C-4DB1-9743-1EB1693B5046}.Debug|Any CPU.Build.0 = Debug|Any CPU
		{86E78C2E-256C-4DB1-9743-1EB1693B5046}.Release|Any CPU.ActiveCfg = Release|Any CPU
		{86E78C2E-256C-4DB1-9743-1EB1693B5046}.Release|Any CPU.Build.0 = Release|Any CPU
		{511423FB-C919-4B86-8E05-0488142E05DB}.Debug|Any CPU.ActiveCfg = Debug|Any CPU
		{511423FB-C919-4B86-8E05-0488142E05DB}.Debug|Any CPU.Build.0 = Debug|Any CPU
		{511423FB-C919-4B86-8E05-0488142E05DB}.Release|Any CPU.ActiveCfg = Release|Any CPU
		{511423FB-C919-4B86-8E05-0488142E05DB}.Release|Any CPU.Build.0 = Release|Any CPU
		{1F08BC01-9F55-43FC-890A-0B67130E8A97}.Debug|Any CPU.ActiveCfg = Debug|Any CPU
		{1F08BC01-9F55-43FC-890A-0B67130E8A97}.Debug|Any CPU.Build.0 = Debug|Any CPU
		{1F08BC01-9F55-43FC-890A-0B67130E8A97}.Release|Any CPU.ActiveCfg = Release|Any CPU
		{1F08BC01-9F55-43FC-890A-0B67130E8A97}.Release|Any CPU.Build.0 = Release|Any CPU
		{ABDB42A4-223B-4527-BBAD-602ECCBE88E3}.Debug|Any CPU.ActiveCfg = Debug|Any CPU
		{ABDB42A4-223B-4527-BBAD-602ECCBE88E3}.Debug|Any CPU.Build.0 = Debug|Any CPU
		{ABDB42A4-223B-4527-BBAD-602ECCBE88E3}.Release|Any CPU.ActiveCfg = Release|Any CPU
		{ABDB42A4-223B-4527-BBAD-602ECCBE88E3}.Release|Any CPU.Build.0 = Release|Any CPU
	EndGlobalSection
	GlobalSection(SolutionProperties) = preSolution
		HideSolutionNode = FALSE
	EndGlobalSection
	GlobalSection(NestedProjects) = preSolution
		{A362A39B-E7E0-45B0-BA93-5EF81CF536A8} = {93241E08-D16C-4DA4-8FE1-EB557F1C0456}
		{86E78C2E-256C-4DB1-9743-1EB1693B5046} = {93241E08-D16C-4DA4-8FE1-EB557F1C0456}
		{511423FB-C919-4B86-8E05-0488142E05DB} = {93241E08-D16C-4DA4-8FE1-EB557F1C0456}
		{1F08BC01-9F55-43FC-890A-0B67130E8A97} = {79658CA3-C775-4A25-92AB-213294FF895F}
		{ABDB42A4-223B-4527-BBAD-602ECCBE88E3} = {93241E08-D16C-4DA4-8FE1-EB557F1C0456}
	EndGlobalSection
	GlobalSection(ExtensibilityGlobals) = postSolution
		SolutionGuid = {F6AEAE19-668A-4D7C-9EC0-F5623B5D21A2}
	EndGlobalSection
EndGlobal
